
Microsoft Visual Studio Solution File, Format Version 12.00
# Visual Studio Version 17
VisualStudioVersion = 17.11.35327.3
MinimumVisualStudioVersion = 10.0.40219.1
Project("{FAE04EC0-301F-11D3-BF4B-00C04F79EFBC}") = "CollegeManagementSystem", "CollegeManagementSystem.csproj", "{C75AD2C4-D79E-4C75-83AF-B084EC0C1DDA}"
EndProject
Global
	GlobalSection(SolutionConfigurationPlatforms) = preSolution
		Debug|Any CPU = Debug|Any CPU
		Release|Any CPU = Release|Any CPU
	EndGlobalSection
	GlobalSection(ProjectConfigurationPlatforms) = postSolution
		{C75AD2C4-D79E-4C75-83AF-B084EC0C1DDA}.Debug|Any CPU.ActiveCfg = Debug|Any CPU
		{C75AD2C4-D79E-4C75-83AF-B084EC0C1DDA}.Debug|Any CPU.Build.0 = Debug|Any CPU
		{C75AD2C4-D79E-4C75-83AF-B084EC0C1DDA}.Release|Any CPU.ActiveCfg = Release|Any CPU
		{C75AD2C4-D79E-4C75-83AF-B084EC0C1DDA}.Release|Any CPU.Build.0 = Release|Any CPU
	EndGlobalSection
	GlobalSection(SolutionProperties) = preSolution
		HideSolutionNode = FALSE
	EndGlobalSection
	GlobalSection(ExtensibilityGlobals) = postSolution
		SolutionGuid = {EC925D67-9675-40A6-BD93-773437C9BE8A}
	EndGlobalSection
EndGlobal
